{
  "name": "fit-block-p2p",
  "version": "1.0.0",
  "lockfileVersion": 1,
  "requires": true,
  "dependencies": {
    "ip-parse": {
      "version": "1.0.1",
      "resolved": "https://registry.npmjs.org/ip-parse/-/ip-parse-1.0.1.tgz",
      "integrity": "sha512-tlFkcveY/7Gs2cxLXoFwpXbfjLBdepQFgTKvCH7TPv599C7c/BFGqOJXPSVO+lYeM07lcbC6NFJShMaWZtqbow=="
    },
    "typescript": {
      "version": "3.7.4",
      "resolved": "https://registry.npm.taobao.org/typescript/download/typescript-3.7.4.tgz",
      "dev": true
    }
  }
}
